PODS:
  - Bolts (1.8.4):
    - Bolts/AppLinks (= 1.8.4)
    - Bolts/Tasks (= 1.8.4)
  - Bolts/AppLinks (1.8.4):
    - Bolts/Tasks
  - Bolts/Tasks (1.8.4)
  - FBSDKCoreKit (4.27.0):
    - Bolts (~> 1.7)
  - FBSDKLoginKit (4.27.0):
    - FBSDKCoreKit
  - Google-Mobile-Ads-SDK (7.25.0)

DEPENDENCIES:
  - FBSDKCoreKit
  - FBSDKLoginKit
  - Google-Mobile-Ads-SDK

SPEC CHECKSUMS:
  Bolts: 8a7995239dbe724f9cba2248b766d48b7ebdd322
  FBSDKCoreKit: ebc6c5f5b3f0e72396041050e2266781a38ac587
  FBSDKLoginKit: 887be4b7452e1c5a3cc4485ce152529965a0c41e
  Google-Mobile-Ads-SDK: 113804f266381a30f982ad3c18063d4e0155414f

PODFILE CHECKSUM: 95fceea6da8fac16225629b29ed9e86017c8078a

COCOAPODS: 1.2.0
