// !$*UTF8*$!
{
	archiveVersion = 1;
	classes = {
	};
	objectVersion = 46;
	objects = {

/* Begin PBXBuildFile section */
		20C20878C4833166736267B7 /* Pods_Snake.framework in Frameworks */ = {isa = PBXBuildFile; fileRef = 1D44AC4007289685E1320421 /* Pods_Snake.framework */; };
		5A572F7A1BA8811400DDD9E7 /* ScoreLabel.swift in Sources */ = {isa = PBXBuildFile; fileRef = 5A572F791BA8811400DDD9E7 /* ScoreLabel.swift */; };
		5A8BE25C1B99FC1600BD4374 /* AppDelegate.swift in Sources */ = {isa = PBXBuildFile; fileRef = 5A8BE25B1B99FC1600BD4374 /* AppDelegate.swift */; };
		5A8BE25E1B99FC1600BD4374 /* GameScene.sks in Resources */ = {isa = PBXBuildFile; fileRef = 5A8BE25D1B99FC1600BD4374 /* GameScene.sks */; };
		5A8BE26A1B99FC1600BD4374 /* LaunchScreen.xib in Resources */ = {isa = PBXBuildFile; fileRef = 5A8BE2681B99FC1600BD4374 /* LaunchScreen.xib */; };
		5A8BE2761B99FC1600BD4374 /* SnakeTests.swift in Sources */ = {isa = PBXBuildFile; fileRef = 5A8BE2751B99FC1600BD4374 /* SnakeTests.swift */; };
		5A8BE28A1B99FDB300BD4374 /* GameScene.swift in Sources */ = {isa = PBXBuildFile; fileRef = 5A8BE2891B99FDB300BD4374 /* GameScene.swift */; };
		5A8BE28C1B99FDB900BD4374 /* GameViewController.swift in Sources */ = {isa = PBXBuildFile; fileRef = 5A8BE28B1B99FDB900BD4374 /* GameViewController.swift */; };
		5A8BE28F1B99FDC000BD4374 /* Block.swift in Sources */ = {isa = PBXBuildFile; fileRef = 5A8BE28D1B99FDC000BD4374 /* Block.swift */; };
		5A8BE2901B99FDC000BD4374 /* Food.swift in Sources */ = {isa = PBXBuildFile; fileRef = 5A8BE28E1B99FDC000BD4374 /* Food.swift */; };
		5A8BE2921B99FDC500BD4374 /* Images.xcassets in Resources */ = {isa = PBXBuildFile; fileRef = 5A8BE2911B99FDC500BD4374 /* Images.xcassets */; };
		5A8BE2961B9B4AFD00BD4374 /* MainMenuScene.swift in Sources */ = {isa = PBXBuildFile; fileRef = 5A8BE2951B9B4AFD00BD4374 /* MainMenuScene.swift */; };
		5A8BE2981B9B56C000BD4374 /* MainMenuScene.sks in Resources */ = {isa = PBXBuildFile; fileRef = 5A8BE2971B9B56C000BD4374 /* MainMenuScene.sks */; };
		5A8BE29A1B9B85DB00BD4374 /* HighScoresScene.sks in Resources */ = {isa = PBXBuildFile; fileRef = 5A8BE2991B9B85DB00BD4374 /* HighScoresScene.sks */; };
		5A8BE29C1B9B85F200BD4374 /* HighScoresScene.swift in Sources */ = {isa = PBXBuildFile; fileRef = 5A8BE29B1B9B85F200BD4374 /* HighScoresScene.swift */; };
		5A8BE29E1B9D1A9100BD4374 /* SettingsScene.sks in Resources */ = {isa = PBXBuildFile; fileRef = 5A8BE29D1B9D1A9100BD4374 /* SettingsScene.sks */; };
		5A8BE2A01B9D1AA200BD4374 /* SettingsScene.swift in Sources */ = {isa = PBXBuildFile; fileRef = 5A8BE29F1B9D1AA200BD4374 /* SettingsScene.swift */; };
		5A8BE2A41B9FBC3B00BD4374 /* BackgroundSquare.swift in Sources */ = {isa = PBXBuildFile; fileRef = 5A8BE2A31B9FBC3B00BD4374 /* BackgroundSquare.swift */; };
		5AF2D1561BA1DDF5006AEB4A /* HowToPlayScene.swift in Sources */ = {isa = PBXBuildFile; fileRef = 5AF2D1551BA1DDF5006AEB4A /* HowToPlayScene.swift */; };
		5AF2D1581BA1DE19006AEB4A /* HowToPlayScene.sks in Resources */ = {isa = PBXBuildFile; fileRef = 5AF2D1571BA1DE19006AEB4A /* HowToPlayScene.sks */; };
		A82A47D01C062AAD00E0DCDD /* LoginScene.swift in Sources */ = {isa = PBXBuildFile; fileRef = A82A47CF1C062AAD00E0DCDD /* LoginScene.swift */; };
		A82A47D21C062AEF00E0DCDD /* LoginScene.sks in Resources */ = {isa = PBXBuildFile; fileRef = A82A47D11C062AEF00E0DCDD /* LoginScene.sks */; };
		A82A47D41C0679F200E0DCDD /* ListFunctions.swift in Sources */ = {isa = PBXBuildFile; fileRef = A82A47D31C0679F200E0DCDD /* ListFunctions.swift */; };
		A84B0EF61F8C59050018B3AD /* API.swift in Sources */ = {isa = PBXBuildFile; fileRef = A84B0EF51F8C59050018B3AD /* API.swift */; };
		A84B0EF81F8C59ED0018B3AD /* user.swift in Sources */ = {isa = PBXBuildFile; fileRef = A84B0EF71F8C59ED0018B3AD /* user.swift */; };
		A8BE37C71BEA95250042CAAB /* TouchFunctions.swift in Sources */ = {isa = PBXBuildFile; fileRef = A8BE37C61BEA95250042CAAB /* TouchFunctions.swift */; };
		A8BE37C91BEACEEF0042CAAB /* ButtonNode.swift in Sources */ = {isa = PBXBuildFile; fileRef = A8BE37C81BEACEEF0042CAAB /* ButtonNode.swift */; };
/* End PBXBuildFile section */

/* Begin PBXContainerItemProxy section */
		5A8BE2701B99FC1600BD4374 /* PBXContainerItemProxy */ = {
			isa = PBXContainerItemProxy;
			containerPortal = 5A8BE24E1B99FC1600BD4374 /* Project object */;
			proxyType = 1;
			remoteGlobalIDString = 5A8BE2551B99FC1600BD4374;
			remoteInfo = Snake;
		};
/* End PBXContainerItemProxy section */

/* Begin PBXFileReference section */
		1D44AC4007289685E1320421 /* Pods_Snake.framework */ = {isa = PBXFileReference; explicitFileType = wrapper.framework; includeInIndex = 0; path = Pods_Snake.framework; sourceTree = BUILT_PRODUCTS_DIR; };
		5A572F791BA8811400DDD9E7 /* ScoreLabel.swift */ = {isa = PBXFileReference; fileEncoding = 4; lastKnownFileType = sourcecode.swift; path = ScoreLabel.swift; sourceTree = "<group>"; };
		5A8BE2561B99FC1600BD4374 /* Snake.app */ = {isa = PBXFileReference; explicitFileType = wrapper.application; includeInIndex = 0; path = Snake.app; sourceTree = BUILT_PRODUCTS_DIR; };
		5A8BE25A1B99FC1600BD4374 /* Info.plist */ = {isa = PBXFileReference; lastKnownFileType = text.plist.xml; path = Info.plist; sourceTree = "<group>"; };
		5A8BE25B1B99FC1600BD4374 /* AppDelegate.swift */ = {isa = PBXFileReference; lastKnownFileType = sourcecode.swift; path = AppDelegate.swift; sourceTree = "<group>"; };
		5A8BE25D1B99FC1600BD4374 /* GameScene.sks */ = {isa = PBXFileReference; lastKnownFileType = file.sks; path = GameScene.sks; sourceTree = "<group>"; };
		5A8BE2691B99FC1600BD4374 /* Base */ = {isa = PBXFileReference; lastKnownFileType = file.xib; name = Base; path = Base.lproj/LaunchScreen.xib; sourceTree = "<group>"; };
		5A8BE26F1B99FC1600BD4374 /* SnakeTests.xctest */ = {isa = PBXFileReference; explicitFileType = wrapper.cfbundle; includeInIndex = 0; path = SnakeTests.xctest; sourceTree = BUILT_PRODUCTS_DIR; };
		5A8BE2741B99FC1600BD4374 /* Info.plist */ = {isa = PBXFileReference; lastKnownFileType = text.plist.xml; path = Info.plist; sourceTree = "<group>"; };
		5A8BE2751B99FC1600BD4374 /* SnakeTests.swift */ = {isa = PBXFileReference; lastKnownFileType = sourcecode.swift; path = SnakeTests.swift; sourceTree = "<group>"; };
		5A8BE2891B99FDB300BD4374 /* GameScene.swift */ = {isa = PBXFileReference; fileEncoding = 4; lastKnownFileType = sourcecode.swift; path = GameScene.swift; sourceTree = "<group>"; };
		5A8BE28B1B99FDB900BD4374 /* GameViewController.swift */ = {isa = PBXFileReference; fileEncoding = 4; lastKnownFileType = sourcecode.swift; path = GameViewController.swift; sourceTree = "<group>"; };
		5A8BE28D1B99FDC000BD4374 /* Block.swift */ = {isa = PBXFileReference; fileEncoding = 4; lastKnownFileType = sourcecode.swift; path = Block.swift; sourceTree = "<group>"; };
		5A8BE28E1B99FDC000BD4374 /* Food.swift */ = {isa = PBXFileReference; fileEncoding = 4; lastKnownFileType = sourcecode.swift; path = Food.swift; sourceTree = "<group>"; };
		5A8BE2911B99FDC500BD4374 /* Images.xcassets */ = {isa = PBXFileReference; lastKnownFileType = folder.assetcatalog; path = Images.xcassets; sourceTree = "<group>"; };
		5A8BE2951B9B4AFD00BD4374 /* MainMenuScene.swift */ = {isa = PBXFileReference; fileEncoding = 4; lastKnownFileType = sourcecode.swift; path = MainMenuScene.swift; sourceTree = "<group>"; };
		5A8BE2971B9B56C000BD4374 /* MainMenuScene.sks */ = {isa = PBXFileReference; lastKnownFileType = file.sks; path = MainMenuScene.sks; sourceTree = "<group>"; };
		5A8BE2991B9B85DB00BD4374 /* HighScoresScene.sks */ = {isa = PBXFileReference; lastKnownFileType = file.sks; path = HighScoresScene.sks; sourceTree = "<group>"; };
		5A8BE29B1B9B85F200BD4374 /* HighScoresScene.swift */ = {isa = PBXFileReference; fileEncoding = 4; lastKnownFileType = sourcecode.swift; path = HighScoresScene.swift; sourceTree = "<group>"; };
		5A8BE29D1B9D1A9100BD4374 /* SettingsScene.sks */ = {isa = PBXFileReference; lastKnownFileType = file.sks; path = SettingsScene.sks; sourceTree = "<group>"; };
		5A8BE29F1B9D1AA200BD4374 /* SettingsScene.swift */ = {isa = PBXFileReference; fileEncoding = 4; lastKnownFileType = sourcecode.swift; path = SettingsScene.swift; sourceTree = "<group>"; };
		5A8BE2A31B9FBC3B00BD4374 /* BackgroundSquare.swift */ = {isa = PBXFileReference; fileEncoding = 4; lastKnownFileType = sourcecode.swift; path = BackgroundSquare.swift; sourceTree = "<group>"; };
		5AF2D1551BA1DDF5006AEB4A /* HowToPlayScene.swift */ = {isa = PBXFileReference; fileEncoding = 4; lastKnownFileType = sourcecode.swift; path = HowToPlayScene.swift; sourceTree = "<group>"; };
		5AF2D1571BA1DE19006AEB4A /* HowToPlayScene.sks */ = {isa = PBXFileReference; lastKnownFileType = file.sks; path = HowToPlayScene.sks; sourceTree = "<group>"; };
		A82A47CF1C062AAD00E0DCDD /* LoginScene.swift */ = {isa = PBXFileReference; fileEncoding = 4; lastKnownFileType = sourcecode.swift; path = LoginScene.swift; sourceTree = "<group>"; };
		A82A47D11C062AEF00E0DCDD /* LoginScene.sks */ = {isa = PBXFileReference; lastKnownFileType = file.sks; path = LoginScene.sks; sourceTree = "<group>"; };
		A82A47D31C0679F200E0DCDD /* ListFunctions.swift */ = {isa = PBXFileReference; fileEncoding = 4; lastKnownFileType = sourcecode.swift; path = ListFunctions.swift; sourceTree = "<group>"; };
		A84B0EF51F8C59050018B3AD /* API.swift */ = {isa = PBXFileReference; lastKnownFileType = sourcecode.swift; path = API.swift; sourceTree = "<group>"; };
		A84B0EF71F8C59ED0018B3AD /* user.swift */ = {isa = PBXFileReference; lastKnownFileType = sourcecode.swift; path = user.swift; sourceTree = "<group>"; };
		A8BE37C61BEA95250042CAAB /* TouchFunctions.swift */ = {isa = PBXFileReference; fileEncoding = 4; lastKnownFileType = sourcecode.swift; path = TouchFunctions.swift; sourceTree = "<group>"; };
		A8BE37C81BEACEEF0042CAAB /* ButtonNode.swift */ = {isa = PBXFileReference; fileEncoding = 4; lastKnownFileType = sourcecode.swift; path = ButtonNode.swift; sourceTree = "<group>"; };
		BC0CBE5174B0AA8F6760406A /* Pods-Snake.release.xcconfig */ = {isa = PBXFileReference; includeInIndex = 1; lastKnownFileType = text.xcconfig; name = "Pods-Snake.release.xcconfig"; path = "Pods/Target Support Files/Pods-Snake/Pods-Snake.release.xcconfig"; sourceTree = "<group>"; };
		EC3F7EC05B0CEFABA0F5985A /* Pods-Snake.debug.xcconfig */ = {isa = PBXFileReference; includeInIndex = 1; lastKnownFileType = text.xcconfig; name = "Pods-Snake.debug.xcconfig"; path = "Pods/Target Support Files/Pods-Snake/Pods-Snake.debug.xcconfig"; sourceTree = "<group>"; };
/* End PBXFileReference section */

/* Begin PBXFrameworksBuildPhase section */
		5A8BE2531B99FC1600BD4374 /* Frameworks */ = {
			isa = PBXFrameworksBuildPhase;
			buildActionMask = 2147483647;
			files = (
				20C20878C4833166736267B7 /* Pods_Snake.framework in Frameworks */,
			);
			runOnlyForDeploymentPostprocessing = 0;
		};
		5A8BE26C1B99FC1600BD4374 /* Frameworks */ = {
			isa = PBXFrameworksBuildPhase;
			buildActionMask = 2147483647;
			files = (
			);
			runOnlyForDeploymentPostprocessing = 0;
		};
/* End PBXFrameworksBuildPhase section */

/* Begin PBXGroup section */
		3AF801667353EBE55B87C092 /* Pods */ = {
			isa = PBXGroup;
			children = (
				EC3F7EC05B0CEFABA0F5985A /* Pods-Snake.debug.xcconfig */,
				BC0CBE5174B0AA8F6760406A /* Pods-Snake.release.xcconfig */,
			);
			name = Pods;
			sourceTree = "<group>";
		};
		5A8BE24D1B99FC1600BD4374 = {
			isa = PBXGroup;
			children = (
				5A8BE2581B99FC1600BD4374 /* Snake */,
				5A8BE2721B99FC1600BD4374 /* SnakeTests */,
				5A8BE2571B99FC1600BD4374 /* Products */,
				3AF801667353EBE55B87C092 /* Pods */,
				7FBD44685664FB7B0F30357C /* Frameworks */,
			);
			sourceTree = "<group>";
		};
		5A8BE2571B99FC1600BD4374 /* Products */ = {
			isa = PBXGroup;
			children = (
				5A8BE2561B99FC1600BD4374 /* Snake.app */,
				5A8BE26F1B99FC1600BD4374 /* SnakeTests.xctest */,
			);
			name = Products;
			sourceTree = "<group>";
		};
		5A8BE2581B99FC1600BD4374 /* Snake */ = {
			isa = PBXGroup;
			children = (
				A8BE37CE1BEBE9F50042CAAB /* Libraries */,
				A8BE37CC1BEBE9790042CAAB /* Nodes */,
				A8BE37CD1BEBE9BD0042CAAB /* Scenes */,
				A8BE37CA1BEBE9480042CAAB /* SKS */,
				A84B0EF51F8C59050018B3AD /* API.swift */,
				5A8BE25B1B99FC1600BD4374 /* AppDelegate.swift */,
				5A8BE28B1B99FDB900BD4374 /* GameViewController.swift */,
				5A8BE2681B99FC1600BD4374 /* LaunchScreen.xib */,
				5A8BE2911B99FDC500BD4374 /* Images.xcassets */,
				5A8BE2591B99FC1600BD4374 /* Supporting Files */,
				A84B0EF71F8C59ED0018B3AD /* user.swift */,
			);
			path = Snake;
			sourceTree = "<group>";
		};
		5A8BE2591B99FC1600BD4374 /* Supporting Files */ = {
			isa = PBXGroup;
			children = (
				5A8BE25A1B99FC1600BD4374 /* Info.plist */,
			);
			name = "Supporting Files";
			sourceTree = "<group>";
		};
		5A8BE2721B99FC1600BD4374 /* SnakeTests */ = {
			isa = PBXGroup;
			children = (
				5A8BE2751B99FC1600BD4374 /* SnakeTests.swift */,
				5A8BE2731B99FC1600BD4374 /* Supporting Files */,
			);
			path = SnakeTests;
			sourceTree = "<group>";
		};
		5A8BE2731B99FC1600BD4374 /* Supporting Files */ = {
			isa = PBXGroup;
			children = (
				5A8BE2741B99FC1600BD4374 /* Info.plist */,
			);
			name = "Supporting Files";
			sourceTree = "<group>";
		};
		7FBD44685664FB7B0F30357C /* Frameworks */ = {
			isa = PBXGroup;
			children = (
				1D44AC4007289685E1320421 /* Pods_Snake.framework */,
			);
			name = Frameworks;
			sourceTree = "<group>";
		};
		A8BE37CA1BEBE9480042CAAB /* SKS */ = {
			isa = PBXGroup;
			children = (
				5A8BE2991B9B85DB00BD4374 /* HighScoresScene.sks */,
				5A8BE25D1B99FC1600BD4374 /* GameScene.sks */,
				5AF2D1571BA1DE19006AEB4A /* HowToPlayScene.sks */,
				5A8BE29D1B9D1A9100BD4374 /* SettingsScene.sks */,
				5A8BE2971B9B56C000BD4374 /* MainMenuScene.sks */,
				A82A47D11C062AEF00E0DCDD /* LoginScene.sks */,
			);
			name = SKS;
			sourceTree = "<group>";
		};
		A8BE37CC1BEBE9790042CAAB /* Nodes */ = {
			isa = PBXGroup;
			children = (
				5A8BE2A31B9FBC3B00BD4374 /* BackgroundSquare.swift */,
				A8BE37C81BEACEEF0042CAAB /* ButtonNode.swift */,
				5A572F791BA8811400DDD9E7 /* ScoreLabel.swift */,
				5A8BE28D1B99FDC000BD4374 /* Block.swift */,
				5A8BE28E1B99FDC000BD4374 /* Food.swift */,
			);
			name = Nodes;
			sourceTree = "<group>";
		};
		A8BE37CD1BEBE9BD0042CAAB /* Scenes */ = {
			isa = PBXGroup;
			children = (
				5A8BE2891B99FDB300BD4374 /* GameScene.swift */,
				5A8BE2951B9B4AFD00BD4374 /* MainMenuScene.swift */,
				5A8BE29B1B9B85F200BD4374 /* HighScoresScene.swift */,
				5A8BE29F1B9D1AA200BD4374 /* SettingsScene.swift */,
				5AF2D1551BA1DDF5006AEB4A /* HowToPlayScene.swift */,
				A82A47CF1C062AAD00E0DCDD /* LoginScene.swift */,
			);
			name = Scenes;
			sourceTree = "<group>";
		};
		A8BE37CE1BEBE9F50042CAAB /* Libraries */ = {
			isa = PBXGroup;
			children = (
				A8BE37C61BEA95250042CAAB /* TouchFunctions.swift */,
				A82A47D31C0679F200E0DCDD /* ListFunctions.swift */,
			);
			name = Libraries;
			sourceTree = "<group>";
		};
/* End PBXGroup section */

/* Begin PBXNativeTarget section */
		5A8BE2551B99FC1600BD4374 /* Snake */ = {
			isa = PBXNativeTarget;
			buildConfigurationList = 5A8BE2791B99FC1600BD4374 /* Build configuration list for PBXNativeTarget "Snake" */;
			buildPhases = (
				8FA05EACAAA10D05D34BDBC5 /* [CP] Check Pods Manifest.lock */,
				5A8BE2521B99FC1600BD4374 /* Sources */,
				5A8BE2531B99FC1600BD4374 /* Frameworks */,
				5A8BE2541B99FC1600BD4374 /* Resources */,
				F16B1FCC9E9214EC43CF7798 /* [CP] Embed Pods Frameworks */,
				D22C9BF5426B5D4F33ECB53F /* [CP] Copy Pods Resources */,
			);
			buildRules = (
			);
			dependencies = (
			);
			name = Snake;
			productName = Snake;
			productReference = 5A8BE2561B99FC1600BD4374 /* Snake.app */;
			productType = "com.apple.product-type.application";
		};
		5A8BE26E1B99FC1600BD4374 /* SnakeTests */ = {
			isa = PBXNativeTarget;
			buildConfigurationList = 5A8BE27C1B99FC1600BD4374 /* Build configuration list for PBXNativeTarget "SnakeTests" */;
			buildPhases = (
				5A8BE26B1B99FC1600BD4374 /* Sources */,
				5A8BE26C1B99FC1600BD4374 /* Frameworks */,
				5A8BE26D1B99FC1600BD4374 /* Resources */,
			);
			buildRules = (
			);
			dependencies = (
				5A8BE2711B99FC1600BD4374 /* PBXTargetDependency */,
			);
			name = SnakeTests;
			productName = SnakeTests;
			productReference = 5A8BE26F1B99FC1600BD4374 /* SnakeTests.xctest */;
			productType = "com.apple.product-type.bundle.unit-test";
		};
/* End PBXNativeTarget section */

/* Begin PBXProject section */
		5A8BE24E1B99FC1600BD4374 /* Project object */ = {
			isa = PBXProject;
			attributes = {
				LastSwiftMigration = 0700;
				LastSwiftUpdateCheck = 0700;
				LastUpgradeCheck = 0700;
				ORGANIZATIONNAME = "Brandon Price";
				TargetAttributes = {
					5A8BE2551B99FC1600BD4374 = {
						CreatedOnToolsVersion = 6.4;
						DevelopmentTeam = 46YL5H8DDP;
						LastSwiftMigration = 0900;
					};
					5A8BE26E1B99FC1600BD4374 = {
						CreatedOnToolsVersion = 6.4;
						TestTargetID = 5A8BE2551B99FC1600BD4374;
					};
				};
			};
			buildConfigurationList = 5A8BE2511B99FC1600BD4374 /* Build configuration list for PBXProject "Snake" */;
			compatibilityVersion = "Xcode 3.2";
			developmentRegion = English;
			hasScannedForEncodings = 0;
			knownRegions = (
				en,
				Base,
			);
			mainGroup = 5A8BE24D1B99FC1600BD4374;
			productRefGroup = 5A8BE2571B99FC1600BD4374 /* Products */;
			projectDirPath = "";
			projectRoot = "";
			targets = (
				5A8BE2551B99FC1600BD4374 /* Snake */,
				5A8BE26E1B99FC1600BD4374 /* SnakeTests */,
			);
		};
/* End PBXProject section */

/* Begin PBXResourcesBuildPhase section */
		5A8BE2541B99FC1600BD4374 /* Resources */ = {
			isa = PBXResourcesBuildPhase;
			buildActionMask = 2147483647;
			files = (
				5A8BE26A1B99FC1600BD4374 /* LaunchScreen.xib in Resources */,
				5A8BE2921B99FDC500BD4374 /* Images.xcassets in Resources */,
				5A8BE29E1B9D1A9100BD4374 /* SettingsScene.sks in Resources */,
				5A8BE25E1B99FC1600BD4374 /* GameScene.sks in Resources */,
				A82A47D21C062AEF00E0DCDD /* LoginScene.sks in Resources */,
				5A8BE2981B9B56C000BD4374 /* MainMenuScene.sks in Resources */,
				5AF2D1581BA1DE19006AEB4A /* HowToPlayScene.sks in Resources */,
				5A8BE29A1B9B85DB00BD4374 /* HighScoresScene.sks in Resources */,
			);
			runOnlyForDeploymentPostprocessing = 0;
		};
		5A8BE26D1B99FC1600BD4374 /* Resources */ = {
			isa = PBXResourcesBuildPhase;
			buildActionMask = 2147483647;
			files = (
			);
			runOnlyForDeploymentPostprocessing = 0;
		};
/* End PBXResourcesBuildPhase section */

/* Begin PBXShellScriptBuildPhase section */
		8FA05EACAAA10D05D34BDBC5 /* [CP] Check Pods Manifest.lock */ = {
			isa = PBXShellScriptBuildPhase;
			buildActionMask = 2147483647;
			files = (
			);
			inputPaths = (
			);
			name = "[CP] Check Pods Manifest.lock";
			outputPaths = (
			);
			runOnlyForDeploymentPostprocessing = 0;
			shellPath = /bin/sh;
			shellScript = "diff \"${PODS_ROOT}/../Podfile.lock\" \"${PODS_ROOT}/Manifest.lock\" > /dev/null\nif [ $? != 0 ] ; then\n    # print error to STDERR\n    echo \"error: The sandbox is not in sync with the Podfile.lock. Run 'pod install' or update your CocoaPods installation.\" >&2\n    exit 1\nfi\n";
			showEnvVarsInLog = 0;
		};
		D22C9BF5426B5D4F33ECB53F /* [CP] Copy Pods Resources */ = {
			isa = PBXShellScriptBuildPhase;
			buildActionMask = 2147483647;
			files = (
			);
			inputPaths = (
			);
			name = "[CP] Copy Pods Resources";
			outputPaths = (
			);
			runOnlyForDeploymentPostprocessing = 0;
			shellPath = /bin/sh;
			shellScript = "\"${SRCROOT}/Pods/Target Support Files/Pods-Snake/Pods-Snake-resources.sh\"\n";
			showEnvVarsInLog = 0;
		};
		F16B1FCC9E9214EC43CF7798 /* [CP] Embed Pods Frameworks */ = {
			isa = PBXShellScriptBuildPhase;
			buildActionMask = 2147483647;
			files = (
			);
			inputPaths = (
			);
			name = "[CP] Embed Pods Frameworks";
			outputPaths = (
			);
			runOnlyForDeploymentPostprocessing = 0;
			shellPath = /bin/sh;
			shellScript = "\"${SRCROOT}/Pods/Target Support Files/Pods-Snake/Pods-Snake-frameworks.sh\"\n";
			showEnvVarsInLog = 0;
		};
/* End PBXShellScriptBuildPhase section */

/* Begin PBXSourcesBuildPhase section */
		5A8BE2521B99FC1600BD4374 /* Sources */ = {
			isa = PBXSourcesBuildPhase;
			buildActionMask = 2147483647;
			files = (
				5A8BE2A41B9FBC3B00BD4374 /* BackgroundSquare.swift in Sources */,
				5A8BE28A1B99FDB300BD4374 /* GameScene.swift in Sources */,
				5A8BE28F1B99FDC000BD4374 /* Block.swift in Sources */,
				A8BE37C71BEA95250042CAAB /* TouchFunctions.swift in Sources */,
				5A8BE2901B99FDC000BD4374 /* Food.swift in Sources */,
				A84B0EF81F8C59ED0018B3AD /* user.swift in Sources */,
				5A8BE28C1B99FDB900BD4374 /* GameViewController.swift in Sources */,
				A82A47D41C0679F200E0DCDD /* ListFunctions.swift in Sources */,
				A82A47D01C062AAD00E0DCDD /* LoginScene.swift in Sources */,
				5A8BE2961B9B4AFD00BD4374 /* MainMenuScene.swift in Sources */,
				5AF2D1561BA1DDF5006AEB4A /* HowToPlayScene.swift in Sources */,
				5A8BE2A01B9D1AA200BD4374 /* SettingsScene.swift in Sources */,
				5A8BE29C1B9B85F200BD4374 /* HighScoresScene.swift in Sources */,
				5A572F7A1BA8811400DDD9E7 /* ScoreLabel.swift in Sources */,
				5A8BE25C1B99FC1600BD4374 /* AppDelegate.swift in Sources */,
				A84B0EF61F8C59050018B3AD /* API.swift in Sources */,
				A8BE37C91BEACEEF0042CAAB /* ButtonNode.swift in Sources */,
			);
			runOnlyForDeploymentPostprocessing = 0;
		};
		5A8BE26B1B99FC1600BD4374 /* Sources */ = {
			isa = PBXSourcesBuildPhase;
			buildActionMask = 2147483647;
			files = (
				5A8BE2761B99FC1600BD4374 /* SnakeTests.swift in Sources */,
			);
			runOnlyForDeploymentPostprocessing = 0;
		};
/* End PBXSourcesBuildPhase section */

/* Begin PBXTargetDependency section */
		5A8BE2711B99FC1600BD4374 /* PBXTargetDependency */ = {
			isa = PBXTargetDependency;
			target = 5A8BE2551B99FC1600BD4374 /* Snake */;
			targetProxy = 5A8BE2701B99FC1600BD4374 /* PBXContainerItemProxy */;
		};
/* End PBXTargetDependency section */

/* Begin PBXVariantGroup section */
		5A8BE2681B99FC1600BD4374 /* LaunchScreen.xib */ = {
			isa = PBXVariantGroup;
			children = (
				5A8BE2691B99FC1600BD4374 /* Base */,
			);
			name = LaunchScreen.xib;
			sourceTree = "<group>";
		};
/* End PBXVariantGroup section */

/* Begin XCBuildConfiguration section */
		5A8BE2771B99FC1600BD4374 /* Debug */ = {
			isa = XCBuildConfiguration;
			buildSettings = {
				ALWAYS_SEARCH_USER_PATHS = NO;
				CLANG_CXX_LANGUAGE_STANDARD = "gnu++0x";
				CLANG_CXX_LIBRARY = "libc++";
				CLANG_ENABLE_MODULES = YES;
				CLANG_ENABLE_OBJC_ARC = YES;
				CLANG_WARN_BOOL_CONVERSION = YES;
				CLANG_WARN_CONSTANT_CONVERSION = YES;
				CLANG_WARN_DIRECT_OBJC_ISA_USAGE = YES_ERROR;
				CLANG_WARN_EMPTY_BODY = YES;
				CLANG_WARN_ENUM_CONVERSION = YES;
				CLANG_WARN_INT_CONVERSION = YES;
				CLANG_WARN_OBJC_ROOT_CLASS = YES_ERROR;
				CLANG_WARN_UNREACHABLE_CODE = YES;
				CLANG_WARN__DUPLICATE_METHOD_MATCH = YES;
				"CODE_SIGN_IDENTITY[sdk=iphoneos*]" = "iPhone Developer";
				COPY_PHASE_STRIP = NO;
				DEBUG_INFORMATION_FORMAT = "dwarf-with-dsym";
				ENABLE_STRICT_OBJC_MSGSEND = YES;
				ENABLE_TESTABILITY = YES;
				GCC_C_LANGUAGE_STANDARD = gnu99;
				GCC_DYNAMIC_NO_PIC = NO;
				GCC_NO_COMMON_BLOCKS = YES;
				GCC_OPTIMIZATION_LEVEL = 0;
				GCC_PREPROCESSOR_DEFINITIONS = (
					"DEBUG=1",
					"$(inherited)",
				);
				GCC_SYMBOLS_PRIVATE_EXTERN = NO;
				GCC_WARN_64_TO_32_BIT_CONVERSION = YES;
				GCC_WARN_ABOUT_RETURN_TYPE = YES_ERROR;
				GCC_WARN_UNDECLARED_SELECTOR = YES;
				GCC_WARN_UNINITIALIZED_AUTOS = YES_AGGRESSIVE;
				GCC_WARN_UNUSED_FUNCTION = YES;
				GCC_WARN_UNUSED_VARIABLE = YES;
				IPHONEOS_DEPLOYMENT_TARGET = 8.4;
				MTL_ENABLE_DEBUG_INFO = YES;
				ONLY_ACTIVE_ARCH = YES;
				SDKROOT = iphoneos;
				SWIFT_OPTIMIZATION_LEVEL = "-Onone";
			};
			name = Debug;
		};
		5A8BE2781B99FC1600BD4374 /* Release */ = {
			isa = XCBuildConfiguration;
			buildSettings = {
				ALWAYS_SEARCH_USER_PATHS = NO;
				CLANG_CXX_LANGUAGE_STANDARD = "gnu++0x";
				CLANG_CXX_LIBRARY = "libc++";
				CLANG_ENABLE_MODULES = YES;
				CLANG_ENABLE_OBJC_ARC = YES;
				CLANG_WARN_BOOL_CONVERSION = YES;
				CLANG_WARN_CONSTANT_CONVERSION = YES;
				CLANG_WARN_DIRECT_OBJC_ISA_USAGE = YES_ERROR;
				CLANG_WARN_EMPTY_BODY = YES;
				CLANG_WARN_ENUM_CONVERSION = YES;
				CLANG_WARN_INT_CONVERSION = YES;
				CLANG_WARN_OBJC_ROOT_CLASS = YES_ERROR;
				CLANG_WARN_UNREACHABLE_CODE = YES;
				CLANG_WARN__DUPLICATE_METHOD_MATCH = YES;
				"CODE_SIGN_IDENTITY[sdk=iphoneos*]" = "iPhone Developer";
				COPY_PHASE_STRIP = NO;
				DEBUG_INFORMATION_FORMAT = "dwarf-with-dsym";
				ENABLE_NS_ASSERTIONS = NO;
				ENABLE_STRICT_OBJC_MSGSEND = YES;
				GCC_C_LANGUAGE_STANDARD = gnu99;
				GCC_NO_COMMON_BLOCKS = YES;
				GCC_WARN_64_TO_32_BIT_CONVERSION = YES;
				GCC_WARN_ABOUT_RETURN_TYPE = YES_ERROR;
				GCC_WARN_UNDECLARED_SELECTOR = YES;
				GCC_WARN_UNINITIALIZED_AUTOS = YES_AGGRESSIVE;
				GCC_WARN_UNUSED_FUNCTION = YES;
				GCC_WARN_UNUSED_VARIABLE = YES;
				IPHONEOS_DEPLOYMENT_TARGET = 8.4;
				MTL_ENABLE_DEBUG_INFO = NO;
				SDKROOT = iphoneos;
				VALIDATE_PRODUCT = YES;
			};
			name = Release;
		};
		5A8BE27A1B99FC1600BD4374 /* Debug */ = {
			isa = XCBuildConfiguration;
			baseConfigurationReference = EC3F7EC05B0CEFABA0F5985A /* Pods-Snake.debug.xcconfig */;
			buildSettings = {
				ASSETCATALOG_COMPILER_APPICON_NAME = AppIcon;
				CODE_SIGN_IDENTITY = "iPhone Developer";
				"CODE_SIGN_IDENTITY[sdk=iphoneos*]" = "iPhone Developer";
				FRAMEWORK_SEARCH_PATHS = (
					"$(inherited)",
					"$(PROJECT_DIR)",
				);
				INFOPLIST_FILE = Snake/Info.plist;
				IPHONEOS_DEPLOYMENT_TARGET = 8.0;
				LD_RUNPATH_SEARCH_PATHS = "$(inherited) @executable_path/Frameworks";
				PRODUCT_BUNDLE_IDENTIFIER = com.BrandonPrice.Snake;
				PRODUCT_NAME = "$(TARGET_NAME)";
				PROVISIONING_PROFILE = "";
				SWIFT_SWIFT3_OBJC_INFERENCE = On;
				SWIFT_VERSION = 4.0;
			};
			name = Debug;
		};
		5A8BE27B1B99FC1600BD4374 /* Release */ = {
			isa = XCBuildConfiguration;
			baseConfigurationReference = BC0CBE5174B0AA8F6760406A /* Pods-Snake.release.xcconfig */;
			buildSettings = {
				ASSETCATALOG_COMPILER_APPICON_NAME = AppIcon;
				CODE_SIGN_IDENTITY = "iPhone Developer";
				"CODE_SIGN_IDENTITY[sdk=iphoneos*]" = "iPhone Developer";
				FRAMEWORK_SEARCH_PATHS = (
					"$(inherited)",
					"$(PROJECT_DIR)",
				);
				INFOPLIST_FILE = Snake/Info.plist;
				IPHONEOS_DEPLOYMENT_TARGET = 8.0;
				LD_RUNPATH_SEARCH_PATHS = "$(inherited) @executable_path/Frameworks";
				PRODUCT_BUNDLE_IDENTIFIER = com.BrandonPrice.Snake;
				PRODUCT_NAME = "$(TARGET_NAME)";
				PROVISIONING_PROFILE = "";
				SWIFT_SWIFT3_OBJC_INFERENCE = On;
				SWIFT_VERSION = 4.0;
			};
			name = Release;
		};
		5A8BE27D1B99FC1600BD4374 /* Debug */ = {
			isa = XCBuildConfiguration;
			buildSettings = {
				BUNDLE_LOADER = "$(TEST_HOST)";
				FRAMEWORK_SEARCH_PATHS = (
					"$(SDKROOT)/Developer/Library/Frameworks",
					"$(inherited)",
				);
				GCC_PREPROCESSOR_DEFINITIONS = (
					"DEBUG=1",
					"$(inherited)",
				);
				INFOPLIST_FILE = SnakeTests/Info.plist;
				LD_RUNPATH_SEARCH_PATHS = "$(inherited) @executable_path/Frameworks @loader_path/Frameworks";
				PRODUCT_BUNDLE_IDENTIFIER = "Bepco.$(PRODUCT_NAME:rfc1034identifier)";
				PRODUCT_NAME = "$(TARGET_NAME)";
				TEST_HOST = "$(BUILT_PRODUCTS_DIR)/Snake.app/Snake";
			};
			name = Debug;
		};
		5A8BE27E1B99FC1600BD4374 /* Release */ = {
			isa = XCBuildConfiguration;
			buildSettings = {
				BUNDLE_LOADER = "$(TEST_HOST)";
				FRAMEWORK_SEARCH_PATHS = (
					"$(SDKROOT)/Developer/Library/Frameworks",
					"$(inherited)",
				);
				INFOPLIST_FILE = SnakeTests/Info.plist;
				LD_RUNPATH_SEARCH_PATHS = "$(inherited) @executable_path/Frameworks @loader_path/Frameworks";
				PRODUCT_BUNDLE_IDENTIFIER = "Bepco.$(PRODUCT_NAME:rfc1034identifier)";
				PRODUCT_NAME = "$(TARGET_NAME)";
				TEST_HOST = "$(BUILT_PRODUCTS_DIR)/Snake.app/Snake";
			};
			name = Release;
		};
/* End XCBuildConfiguration section */

/* Begin XCConfigurationList section */
		5A8BE2511B99FC1600BD4374 /* Build configuration list for PBXProject "Snake" */ = {
			isa = XCConfigurationList;
			buildConfigurations = (
				5A8BE2771B99FC1600BD4374 /* Debug */,
				5A8BE2781B99FC1600BD4374 /* Release */,
			);
			defaultConfigurationIsVisible = 0;
			defaultConfigurationName = Release;
		};
		5A8BE2791B99FC1600BD4374 /* Build configuration list for PBXNativeTarget "Snake" */ = {
			isa = XCConfigurationList;
			buildConfigurations = (
				5A8BE27A1B99FC1600BD4374 /* Debug */,
				5A8BE27B1B99FC1600BD4374 /* Release */,
			);
			defaultConfigurationIsVisible = 0;
			defaultConfigurationName = Release;
		};
		5A8BE27C1B99FC1600BD4374 /* Build configuration list for PBXNativeTarget "SnakeTests" */ = {
			isa = XCConfigurationList;
			buildConfigurations = (
				5A8BE27D1B99FC1600BD4374 /* Debug */,
				5A8BE27E1B99FC1600BD4374 /* Release */,
			);
			defaultConfigurationIsVisible = 0;
			defaultConfigurationName = Release;
		};
/* End XCConfigurationList section */
	};
	rootObject = 5A8BE24E1B99FC1600BD4374 /* Project object */;
}
